// !$*UTF8*$!
{
	archiveVersion = 1;
	classes = {
	};
	objectVersion = 56;
	objects = {

/* Begin PBXBuildFile section */
		AAFC82572A08EADD00EE9292 /* AppDelegate.swift in Sources */ = {isa = PBXBuildFile; fileRef = AAFC82562A08EADD00EE9292 /* AppDelegate.swift */; };
		AAFC82592A08EADD00EE9292 /* SceneDelegate.swift in Sources */ = {isa = PBXBuildFile; fileRef = AAFC82582A08EADD00EE9292 /* SceneDelegate.swift */; };
		AAFC825B2A08EADD00EE9292 /* ViewController.swift in Sources */ = {isa = PBXBuildFile; fileRef = AAFC825A2A08EADD00EE9292 /* ViewController.swift */; };
		AAFC825E2A08EADD00EE9292 /* Main.storyboard in Resources */ = {isa = PBXBuildFile; fileRef = AAFC825C2A08EADD00EE9292 /* Main.storyboard */; };
		AAFC82602A08EADE00EE9292 /* Assets.xcassets in Resources */ = {isa = PBXBuildFile; fileRef = AAFC825F2A08EADE00EE9292 /* Assets.xcassets */; };
		AAFC82632A08EADE00EE9292 /* LaunchScreen.storyboard in Resources */ = {isa = PBXBuildFile; fileRef = AAFC82612A08EADE00EE9292 /* LaunchScreen.storyboard */; };
		AAFC826B2A08EAF000EE9292 /* NetworkMonitorManager.swift in Sources */ = {isa = PBXBuildFile; fileRef = AAFC826A2A08EAF000EE9292 /* NetworkMonitorManager.swift */; };
		AAFC826F2A08F2AE00EE9292 /* NetworkMonitorView.swift in Sources */ = {isa = PBXBuildFile; fileRef = AAFC826E2A08F2AE00EE9292 /* NetworkMonitorView.swift */; };
/* End PBXBuildFile section */

/* Begin PBXFileReference section */
		AAFC82532A08EADD00EE9292 /* NetworkMonitor.app */ = {isa = PBXFileReference; explicitFileType = wrapper.application; includeInIndex = 0; path = NetworkMonitor.app; sourceTree = BUILT_PRODUCTS_DIR; };
		AAFC82562A08EADD00EE9292 /* AppDelegate.swift */ = {isa = PBXFileReference; lastKnownFileType = sourcecode.swift; path = AppDelegate.swift; sourceTree = "<group>"; };
		AAFC82582A08EADD00EE9292 /* SceneDelegate.swift */ = {isa = PBXFileReference; lastKnownFileType = sourcecode.swift; path = SceneDelegate.swift; sourceTree = "<group>"; };
		AAFC825A2A08EADD00EE9292 /* ViewController.swift */ = {isa = PBXFileReference; lastKnownFileType = sourcecode.swift; path = ViewController.swift; sourceTree = "<group>"; };
		AAFC825D2A08EADD00EE9292 /* Base */ = {isa = PBXFileReference; lastKnownFileType = file.storyboard; name = Base; path = Base.lproj/Main.storyboard; sourceTree = "<group>"; };
		AAFC825F2A08EADE00EE9292 /* Assets.xcassets */ = {isa = PBXFileReference; lastKnownFileType = folder.assetcatalog; path = Assets.xcassets; sourceTree = "<group>"; };
		AAFC82622A08EADE00EE9292 /* Base */ = {isa = PBXFileReference; lastKnownFileType = file.storyboard; name = Base; path = Base.lproj/LaunchScreen.storyboard; sourceTree = "<group>"; };
		AAFC82642A08EADE00EE9292 /* Info.plist */ = {isa = PBXFileReference; lastKnownFileType = text.plist.xml; path = Info.plist; sourceTree = "<group>"; };
		AAFC826A2A08EAF000EE9292 /* NetworkMonitorManager.swift */ = {isa = PBXFileReference; lastKnownFileType = sourcecode.swift; path = NetworkMonitorManager.swift; sourceTree = "<group>"; };
		AAFC826E2A08F2AE00EE9292 /* NetworkMonitorView.swift */ = {isa = PBXFileReference; lastKnownFileType = sourcecode.swift; path = NetworkMonitorView.swift; sourceTree = "<group>"; };
/* End PBXFileReference section */

/* Begin PBXFrameworksBuildPhase section */
		AAFC82502A08EADD00EE9292 /* Frameworks */ = {
			isa = PBXFrameworksBuildPhase;
			buildActionMask = 2147483647;
			files = (
			);
			runOnlyForDeploymentPostprocessing = 0;
		};
/* End PBXFrameworksBuildPhase section */

/* Begin PBXGroup section */
		AAFC824A2A08EADD00EE9292 = {
			isa = PBXGroup;
			children = (
				AAFC82552A08EADD00EE9292 /* NetworkMonitor */,
				AAFC82542A08EADD00EE9292 /* Products */,
			);
			sourceTree = "<group>";
		};
		AAFC82542A08EADD00EE9292 /* Products */ = {
			isa = PBXGroup;
			children = (
				AAFC82532A08EADD00EE9292 /* NetworkMonitor.app */,
			);
			name = Products;
			sourceTree = "<group>";
		};
		AAFC82552A08EADD00EE9292 /* NetworkMonitor */ = {
			isa = PBXGroup;
			children = (
				AAFC82562A08EADD00EE9292 /* AppDelegate.swift */,
				AAFC82582A08EADD00EE9292 /* SceneDelegate.swift */,
				AAFC825A2A08EADD00EE9292 /* ViewController.swift */,
				AAFC826A2A08EAF000EE9292 /* NetworkMonitorManager.swift */,
				AAFC826E2A08F2AE00EE9292 /* NetworkMonitorView.swift */,
				AAFC825C2A08EADD00EE9292 /* Main.storyboard */,
				AAFC825F2A08EADE00EE9292 /* Assets.xcassets */,
				AAFC82612A08EADE00EE9292 /* LaunchScreen.storyboard */,
				AAFC82642A08EADE00EE9292 /* Info.plist */,
			);
			path = NetworkMonitor;
			sourceTree = "<group>";
		};
/* End PBXGroup section */

/* Begin PBXNativeTarget section */
		AAFC82522A08EADD00EE9292 /* NetworkMonitor */ = {
			isa = PBXNativeTarget;
			buildConfigurationList = AAFC82672A08EADE00EE9292 /* Build configuration list for PBXNativeTarget "NetworkMonitor" */;
			buildPhases = (
				AAFC824F2A08EADD00EE9292 /* Sources */,
				AAFC82502A08EADD00EE9292 /* Frameworks */,
				AAFC82512A08EADD00EE9292 /* Resources */,
			);
			buildRules = (
			);
			dependencies = (
			);
			name = NetworkMonitor;
			productName = NetworkMonitor;
			productReference = AAFC82532A08EADD00EE9292 /* NetworkMonitor.app */;
			productType = "com.apple.product-type.application";
		};
/* End PBXNativeTarget section */

/* Begin PBXProject section */
		AAFC824B2A08EADD00EE9292 /* Project object */ = {
			isa = PBXProject;
			attributes = {
				BuildIndependentTargetsInParallel = 1;
				LastSwiftUpdateCheck = 1420;
				LastUpgradeCheck = 1420;
				TargetAttributes = {
					AAFC82522A08EADD00EE9292 = {
						CreatedOnToolsVersion = 14.2;
					};
				};
			};
			buildConfigurationList = AAFC824E2A08EADD00EE9292 /* Build configuration list for PBXProject "NetworkMonitor" */;
			compatibilityVersion = "Xcode 14.0";
			developmentRegion = en;
			hasScannedForEncodings = 0;
			knownRegions = (
				en,
				Base,
			);
			mainGroup = AAFC824A2A08EADD00EE9292;
			productRefGroup = AAFC82542A08EADD00EE9292 /* Products */;
			projectDirPath = "";
			projectRoot = "";
			targets = (
				AAFC82522A08EADD00EE9292 /* NetworkMonitor */,
			);
		};
/* End PBXProject section */

/* Begin PBXResourcesBuildPhase section */
		AAFC82512A08EADD00EE9292 /* Resources */ = {
			isa = PBXResourcesBuildPhase;
			buildActionMask = 2147483647;
			files = (
				AAFC82632A08EADE00EE9292 /* LaunchScreen.storyboard in Resources */,
				AAFC82602A08EADE00EE9292 /* Assets.xcassets in Resources */,
				AAFC825E2A08EADD00EE9292 /* Main.storyboard in Resources */,
			);
			runOnlyForDeploymentPostprocessing = 0;
		};
/* End PBXResourcesBuildPhase section */

/* Begin PBXSourcesBuildPhase section */
		AAFC824F2A08EADD00EE9292 /* Sources */ = {
			isa = PBXSourcesBuildPhase;
			buildActionMask = 2147483647;
			files = (
				AAFC825B2A08EADD00EE9292 /* ViewController.swift in Sources */,
				AAFC826B2A08EAF000EE9292 /* NetworkMonitorManager.swift in Sources */,
				AAFC82572A08EADD00EE9292 /* AppDelegate.swift in Sources */,
				AAFC82592A08EADD00EE9292 /* SceneDelegate.swift in Sources */,
				AAFC826F2A08F2AE00EE9292 /* NetworkMonitorView.swift in Sources */,
			);
			runOnlyForDeploymentPostprocessing = 0;
		};
/* End PBXSourcesBuildPhase section */

/* Begin PBXVariantGroup section */
		AAFC825C2A08EADD00EE9292 /* Main.storyboard */ = {
			isa = PBXVariantGroup;
			children = (
				AAFC825D2A08EADD00EE9292 /* Base */,
			);
			name = Main.storyboard;
			sourceTree = "<group>";
		};
		AAFC82612A08EADE00EE9292 /* LaunchScreen.storyboard */ = {
			isa = PBXVariantGroup;
			children = (
				AAFC82622A08EADE00EE9292 /* Base */,
			);
			name = LaunchScreen.storyboard;
			sourceTree = "<group>";
		};
/* End PBXVariantGroup section */

/* Begin XCBuildConfiguration section */
		AAFC82652A08EADE00EE9292 /* Debug */ = {
			isa = XCBuildConfiguration;
			buildSettings = {
				ALWAYS_SEARCH_USER_PATHS = NO;
				CLANG_ANALYZER_NONNULL = YES;
				CLANG_ANALYZER_NUMBER_OBJECT_CONVERSION = YES_AGGRESSIVE;
				CLANG_CXX_LANGUAGE_STANDARD = "gnu++20";
				CLANG_ENABLE_MODULES = YES;
				CLANG_ENABLE_OBJC_ARC = YES;
				CLANG_ENABLE_OBJC_WEAK = YES;
				CLANG_WARN_BLOCK_CAPTURE_AUTORELEASING = YES;
				CLANG_WARN_BOOL_CONVERSION = YES;
				CLANG_WARN_COMMA = YES;
				CLANG_WARN_CONSTANT_CONVERSION = YES;
				CLANG_WARN_DEPRECATED_OBJC_IMPLEMENTATIONS = YES;
				CLANG_WARN_DIRECT_OBJC_ISA_USAGE = YES_ERROR;
				CLANG_WARN_DOCUMENTATION_COMMENTS = YES;
				CLANG_WARN_EMPTY_BODY = YES;
				CLANG_WARN_ENUM_CONVERSION = YES;
				CLANG_WARN_INFINITE_RECURSION = YES;
				CLANG_WARN_INT_CONVERSION = YES;
				CLANG_WARN_NON_LITERAL_NULL_CONVERSION = YES;
				CLANG_WARN_OBJC_IMPLICIT_RETAIN_SELF = YES;
				CLANG_WARN_OBJC_LITERAL_CONVERSION = YES;
				CLANG_WARN_OBJC_ROOT_CLASS = YES_ERROR;
				CLANG_WARN_QUOTED_INCLUDE_IN_FRAMEWORK_HEADER = YES;
				CLANG_WARN_RANGE_LOOP_ANALYSIS = YES;
				CLANG_WARN_STRICT_PROTOTYPES = YES;
				CLANG_WARN_SUSPICIOUS_MOVE = YES;
				CLANG_WARN_UNGUARDED_AVAILABILITY = YES_AGGRESSIVE;
				CLANG_WARN_UNREACHABLE_CODE = YES;
				CLANG_WARN__DUPLICATE_METHOD_MATCH = YES;
				COPY_PHASE_STRIP = NO;
				DEBUG_INFORMATION_FORMAT = dwarf;
				ENABLE_STRICT_OBJC_MSGSEND = YES;
				ENABLE_TESTABILITY = YES;
				GCC_C_LANGUAGE_STANDARD = gnu11;
				GCC_DYNAMIC_NO_PIC = NO;
				GCC_NO_COMMON_BLOCKS = YES;
				GCC_OPTIMIZATION_LEVEL = 0;
				GCC_PREPROCESSOR_DEFINITIONS = (
					"DEBUG=1",
					"$(inherited)",
				);
				GCC_WARN_64_TO_32_BIT_CONVERSION = YES;
				GCC_WARN_ABOUT_RETURN_TYPE = YES_ERROR;
				GCC_WARN_UNDECLARED_SELECTOR = YES;
				GCC_WARN_UNINITIALIZED_AUTOS = YES_AGGRESSIVE;
				GCC_WARN_UNUSED_FUNCTION = YES;
				GCC_WARN_UNUSED_VARIABLE = YES;
				IPHONEOS_DEPLOYMENT_TARGET = 14.0;
				MTL_ENABLE_DEBUG_INFO = INCLUDE_SOURCE;
				MTL_FAST_MATH = YES;
				ONLY_ACTIVE_ARCH = YES;
				SDKROOT = iphoneos;
				SWIFT_ACTIVE_COMPILATION_CONDITIONS = DEBUG;
				SWIFT_OPTIMIZATION_LEVEL = "-Onone";
			};
			name = Debug;
		};
		AAFC82662A08EADE00EE9292 /* Release */ = {
			isa = XCBuildConfiguration;
			buildSettings = {
				ALWAYS_SEARCH_USER_PATHS = NO;
				CLANG_ANALYZER_NONNULL = YES;
				CLANG_ANALYZER_NUMBER_OBJECT_CONVERSION = YES_AGGRESSIVE;
				CLANG_CXX_LANGUAGE_STANDARD = "gnu++20";
				CLANG_ENABLE_MODULES = YES;
				CLANG_ENABLE_OBJC_ARC = YES;
				CLANG_ENABLE_OBJC_WEAK = YES;
				CLANG_WARN_BLOCK_CAPTURE_AUTORELEASING = YES;
				CLANG_WARN_BOOL_CONVERSION = YES;
				CLANG_WARN_COMMA = YES;
				CLANG_WARN_CONSTANT_CONVERSION = YES;
				CLANG_WARN_DEPRECATED_OBJC_IMPLEMENTATIONS = YES;
				CLANG_WARN_DIRECT_OBJC_ISA_USAGE = YES_ERROR;
				CLANG_WARN_DOCUMENTATION_COMMENTS = YES;
				CLANG_WARN_EMPTY_BODY = YES;
				CLANG_WARN_ENUM_CONVERSION = YES;
				CLANG_WARN_INFINITE_RECURSION = YES;
				CLANG_WARN_INT_CONVERSION = YES;
				CLANG_WARN_NON_LITERAL_NULL_CONVERSION = YES;
				CLANG_WARN_OBJC_IMPLICIT_RETAIN_SELF = YES;
				CLANG_WARN_OBJC_LITERAL_CONVERSION = YES;
				CLANG_WARN_OBJC_ROOT_CLASS = YES_ERROR;
				CLANG_WARN_QUOTED_INCLUDE_IN_FRAMEWORK_HEADER = YES;
				CLANG_WARN_RANGE_LOOP_ANALYSIS = YES;
				CLANG_WARN_STRICT_PROTOTYPES = YES;
				CLANG_WARN_SUSPICIOUS_MOVE = YES;
				CLANG_WARN_UNGUARDED_AVAILABILITY = YES_AGGRESSIVE;
				CLANG_WARN_UNREACHABLE_CODE = YES;
				CLANG_WARN__DUPLICATE_METHOD_MATCH = YES;
				COPY_PHASE_STRIP = NO;
				DEBUG_INFORMATION_FORMAT = "dwarf-with-dsym";
				ENABLE_NS_ASSERTIONS = NO;
				ENABLE_STRICT_OBJC_MSGSEND = YES;
				GCC_C_LANGUAGE_STANDARD = gnu11;
				GCC_NO_COMMON_BLOCKS = YES;
				GCC_WARN_64_TO_32_BIT_CONVERSION = YES;
				GCC_WARN_ABOUT_RETURN_TYPE = YES_ERROR;
				GCC_WARN_UNDECLARED_SELECTOR = YES;
				GCC_WARN_UNINITIALIZED_AUTOS = YES_AGGRESSIVE;
				GCC_WARN_UNUSED_FUNCTION = YES;
				GCC_WARN_UNUSED_VARIABLE = YES;
				IPHONEOS_DEPLOYMENT_TARGET = 14.0;
				MTL_ENABLE_DEBUG_INFO = NO;
				MTL_FAST_MATH = YES;
				SDKROOT = iphoneos;
				SWIFT_COMPILATION_MODE = wholemodule;
				SWIFT_OPTIMIZATION_LEVEL = "-O";
				VALIDATE_PRODUCT = YES;
			};
			name = Release;
		};
		AAFC82682A08EADE00EE9292 /* Debug */ = {
			isa = XCBuildConfiguration;
			buildSettings = {
				ASSETCATALOG_COMPILER_APPICON_NAME = AppIcon;
				ASSETCATALOG_COMPILER_GLOBAL_ACCENT_COLOR_NAME = AccentColor;
				CODE_SIGN_STYLE = Automatic;
				CURRENT_PROJECT_VERSION = 1;
				DEVELOPMENT_TEAM = F5DLGT3GAB;
				GENERATE_INFOPLIST_FILE = YES;
				INFOPLIST_FILE = NetworkMonitor/Info.plist;
				INFOPLIST_KEY_UIApplicationSupportsIndirectInputEvents = YES;
				INFOPLIST_KEY_UILaunchStoryboardName = LaunchScreen;
				INFOPLIST_KEY_UIMainStoryboardFile = Main;
				INFOPLIST_KEY_UISupportedInterfaceOrientations_iPad = "UIInterfaceOrientationPortrait UIInterfaceOrientationPortraitUpsideDown UIInterfaceOrientationLandscapeLeft UIInterfaceOrientationLandscapeRight";
				INFOPLIST_KEY_UISupportedInterfaceOrientations_iPhone = "UIInterfaceOrientationPortrait UIInterfaceOrientationLandscapeLeft UIInterfaceOrientationLandscapeRight";
				LD_RUNPATH_SEARCH_PATHS = (
					"$(inherited)",
					"@executable_path/Frameworks",
				);
				MARKETING_VERSION = 1.0;
				PRODUCT_BUNDLE_IDENTIFIER = com.beckwon.NetworkMonitor;
				PRODUCT_NAME = "$(TARGET_NAME)";
				SWIFT_EMIT_LOC_STRINGS = YES;
				SWIFT_VERSION = 5.0;
				TARGETED_DEVICE_FAMILY = "1,2";
			};
			name = Debug;
		};
		AAFC82692A08EADE00EE9292 /* Release */ = {
			isa = XCBuildConfiguration;
			buildSettings = {
				ASSETCATALOG_COMPILER_APPICON_NAME = AppIcon;
				ASSETCATALOG_COMPILER_GLOBAL_ACCENT_COLOR_NAME = AccentColor;
				CODE_SIGN_STYLE = Automatic;
				CURRENT_PROJECT_VERSION = 1;
				DEVELOPMENT_TEAM = F5DLGT3GAB;
				GENERATE_INFOPLIST_FILE = YES;
				INFOPLIST_FILE = NetworkMonitor/Info.plist;
				INFOPLIST_KEY_UIApplicationSupportsIndirectInputEvents = YES;
				INFOPLIST_KEY_UILaunchStoryboardName = LaunchScreen;
				INFOPLIST_KEY_UIMainStoryboardFile = Main;
				INFOPLIST_KEY_UISupportedInterfaceOrientations_iPad = "UIInterfaceOrientationPortrait UIInterfaceOrientationPortraitUpsideDown UIInterfaceOrientationLandscapeLeft UIInterfaceOrientationLandscapeRight";
				INFOPLIST_KEY_UISupportedInterfaceOrientations_iPhone = "UIInterfaceOrientationPortrait UIInterfaceOrientationLandscapeLeft UIInterfaceOrientationLandscapeRight";
				LD_RUNPATH_SEARCH_PATHS = (
					"$(inherited)",
					"@executable_path/Frameworks",
				);
				MARKETING_VERSION = 1.0;
				PRODUCT_BUNDLE_IDENTIFIER = com.beckwon.NetworkMonitor;
				PRODUCT_NAME = "$(TARGET_NAME)";
				SWIFT_EMIT_LOC_STRINGS = YES;
				SWIFT_VERSION = 5.0;
				TARGETED_DEVICE_FAMILY = "1,2";
			};
			name = Release;
		};
/* End XCBuildConfiguration section */

/* Begin XCConfigurationList section */
		AAFC824E2A08EADD00EE9292 /* Build configuration list for PBXProject "NetworkMonitor" */ = {
			isa = XCConfigurationList;
			buildConfigurations = (
				AAFC82652A08EADE00EE9292 /* Debug */,
				AAFC82662A08EADE00EE9292 /* Release */,
			);
			defaultConfigurationIsVisible = 0;
			defaultConfigurationName = Release;
		};
		AAFC82672A08EADE00EE9292 /* Build configuration list for PBXNativeTarget "NetworkMonitor" */ = {
			isa = XCConfigurationList;
			buildConfigurations = (
				AAFC82682A08EADE00EE9292 /* Debug */,
				AAFC82692A08EADE00EE9292 /* Release */,
			);
			defaultConfigurationIsVisible = 0;
			defaultConfigurationName = Release;
		};
/* End XCConfigurationList section */
	};
	rootObject = AAFC824B2A08EADD00EE9292 /* Project object */;
}
